// !$*UTF8*$!
{
	archiveVersion = 1;
	classes = {
	};
	objectVersion = 46;
	objects = {

/* Begin PBXBuildFile section */
		2D22EA021D2D7427001B3A11 /* TeacherTable.swift in Sources */ = {isa = PBXBuildFile; fileRef = 2D22EA011D2D7427001B3A11 /* TeacherTable.swift */; };
		2D22EA051D2D787D001B3A11 /* AnnouncementViewController.swift in Sources */ = {isa = PBXBuildFile; fileRef = 2D22EA041D2D787D001B3A11 /* AnnouncementViewController.swift */; };
		2D22EA071D2D8390001B3A11 /* MusicViewController.swift in Sources */ = {isa = PBXBuildFile; fileRef = 2D22EA061D2D8390001B3A11 /* MusicViewController.swift */; };
		2D22EA091D2ED29C001B3A11 /* MenuTable.swift in Sources */ = {isa = PBXBuildFile; fileRef = 2D22EA081D2ED29C001B3A11 /* MenuTable.swift */; };
		2D7224531D43124000C327D3 /* GoogleService-Info.plist in Resources */ = {isa = PBXBuildFile; fileRef = 2D7224521D43124000C327D3 /* GoogleService-Info.plist */; };
		2D72245B1D441D2A00C327D3 /* LoginScreenSegue.swift in Sources */ = {isa = PBXBuildFile; fileRef = 2D72245A1D441D2A00C327D3 /* LoginScreenSegue.swift */; };
		2D8AC7CD1D25D7D900367326 /* AppDelegate.swift in Sources */ = {isa = PBXBuildFile; fileRef = 2D8AC7CC1D25D7D900367326 /* AppDelegate.swift */; };
		2D8AC7CF1D25D7D900367326 /* HomeViewController.swift in Sources */ = {isa = PBXBuildFile; fileRef = 2D8AC7CE1D25D7D900367326 /* HomeViewController.swift */; };
		2D8AC7D21D25D7D900367326 /* Main.storyboard in Resources */ = {isa = PBXBuildFile; fileRef = 2D8AC7D01D25D7D900367326 /* Main.storyboard */; };
		2D8AC7D41D25D7D900367326 /* Assets.xcassets in Resources */ = {isa = PBXBuildFile; fileRef = 2D8AC7D31D25D7D900367326 /* Assets.xcassets */; };
		2D8AC7DF1D25D8D700367326 /* ListViewController.swift in Sources */ = {isa = PBXBuildFile; fileRef = 2D8AC7DE1D25D8D700367326 /* ListViewController.swift */; };
		2D8AC7E11D25D96800367326 /* CalendarViewController.swift in Sources */ = {isa = PBXBuildFile; fileRef = 2D8AC7E01D25D96800367326 /* CalendarViewController.swift */; };
		2D8AC8241D25E23000367326 /* SWRevealViewController.m in Sources */ = {isa = PBXBuildFile; fileRef = 2D8AC8231D25E23000367326 /* SWRevealViewController.m */; };
		2D8AC82B1D25E86900367326 /* ContactViewController.swift in Sources */ = {isa = PBXBuildFile; fileRef = 2D8AC82A1D25E86900367326 /* ContactViewController.swift */; };
		2D8AC82D1D25EEEB00367326 /* InfoViewController.swift in Sources */ = {isa = PBXBuildFile; fileRef = 2D8AC82C1D25EEEB00367326 /* InfoViewController.swift */; };
		2DC27BC41D386A1D002A5ADF /* CalendarDayCell.swift in Sources */ = {isa = PBXBuildFile; fileRef = 2DC27BBF1D386A1D002A5ADF /* CalendarDayCell.swift */; };
		2DC27BC51D386A1D002A5ADF /* CalendarFlowLayout.swift in Sources */ = {isa = PBXBuildFile; fileRef = 2DC27BC01D386A1D002A5ADF /* CalendarFlowLayout.swift */; };
		2DC27BC61D386A1D002A5ADF /* CalendarHeaderView.swift in Sources */ = {isa = PBXBuildFile; fileRef = 2DC27BC11D386A1D002A5ADF /* CalendarHeaderView.swift */; };
		2DC27BC71D386A1D002A5ADF /* CalendarView.swift in Sources */ = {isa = PBXBuildFile; fileRef = 2DC27BC21D386A1D002A5ADF /* CalendarView.swift */; };
		2DC27BC81D386A1D002A5ADF /* Event.swift in Sources */ = {isa = PBXBuildFile; fileRef = 2DC27BC31D386A1D002A5ADF /* Event.swift */; };
		2DC48CE91D3C321C00B73361 /* EventVisual.xib in Resources */ = {isa = PBXBuildFile; fileRef = 2DC48CE81D3C321C00B73361 /* EventVisual.xib */; };
		2DEF28211D39A84000DA921E /* EventView.swift in Sources */ = {isa = PBXBuildFile; fileRef = 2DEF28201D39A84000DA921E /* EventView.swift */; };
		8F7324B61D2F25A10097036D /* SplashScreen.swift in Sources */ = {isa = PBXBuildFile; fileRef = 8F7324B41D2F25A10097036D /* SplashScreen.swift */; };
		8F7324BA1D2F25BB0097036D /* HapnaMono-Light.otf in Resources */ = {isa = PBXBuildFile; fileRef = 8F7324B71D2F25BB0097036D /* HapnaMono-Light.otf */; };
		8F7324BB1D2F25BB0097036D /* Reckoner_Bold.ttf in Resources */ = {isa = PBXBuildFile; fileRef = 8F7324B81D2F25BB0097036D /* Reckoner_Bold.ttf */; };
		8F7324BC1D2F25BB0097036D /* Reckoner.ttf in Resources */ = {isa = PBXBuildFile; fileRef = 8F7324B91D2F25BB0097036D /* Reckoner.ttf */; };
		8F7324C21D2F37020097036D /* Launch Screen.storyboard in Resources */ = {isa = PBXBuildFile; fileRef = 8F7324C11D2F37020097036D /* Launch Screen.storyboard */; };
		8F7324C41D31C1CE0097036D /* LogInViewController.swift in Sources */ = {isa = PBXBuildFile; fileRef = 8F7324C31D31C1CE0097036D /* LogInViewController.swift */; };
		A1FD9A06A9A5FCD92B1339F2 /* Pods_LyonsDen.framework in Frameworks */ = {isa = PBXBuildFile; fileRef = 276479845EC2B5B3C8017578 /* Pods_LyonsDen.framework */; };
/* End PBXBuildFile section */

/* Begin PBXFileReference section */
		276479845EC2B5B3C8017578 /* Pods_LyonsDen.framework */ = {isa = PBXFileReference; explicitFileType = wrapper.framework; includeInIndex = 0; path = Pods_LyonsDen.framework; sourceTree = BUILT_PRODUCTS_DIR; };
		2D22EA011D2D7427001B3A11 /* TeacherTable.swift */ = {isa = PBXFileReference; fileEncoding = 4; lastKnownFileType = sourcecode.swift; path = TeacherTable.swift; sourceTree = "<group>"; };
		2D22EA041D2D787D001B3A11 /* AnnouncementViewController.swift */ = {isa = PBXFileReference; fileEncoding = 4; lastKnownFileType = sourcecode.swift; path = AnnouncementViewController.swift; sourceTree = "<group>"; };
		2D22EA061D2D8390001B3A11 /* MusicViewController.swift */ = {isa = PBXFileReference; fileEncoding = 4; lastKnownFileType = sourcecode.swift; path = MusicViewController.swift; sourceTree = "<group>"; };
		2D22EA081D2ED29C001B3A11 /* MenuTable.swift */ = {isa = PBXFileReference; fileEncoding = 4; lastKnownFileType = sourcecode.swift; path = MenuTable.swift; sourceTree = "<group>"; };
		2D7224521D43124000C327D3 /* GoogleService-Info.plist */ = {isa = PBXFileReference; fileEncoding = 4; lastKnownFileType = text.plist.xml; path = "GoogleService-Info.plist"; sourceTree = "<group>"; };
		2D72245A1D441D2A00C327D3 /* LoginScreenSegue.swift */ = {isa = PBXFileReference; fileEncoding = 4; lastKnownFileType = sourcecode.swift; name = LoginScreenSegue.swift; path = SegueAnimators/LoginScreenSegue.swift; sourceTree = "<group>"; };
		2D8AC7C91D25D7D900367326 /* LyonsDen.app */ = {isa = PBXFileReference; explicitFileType = wrapper.application; includeInIndex = 0; path = LyonsDen.app; sourceTree = BUILT_PRODUCTS_DIR; };
		2D8AC7CC1D25D7D900367326 /* AppDelegate.swift */ = {isa = PBXFileReference; lastKnownFileType = sourcecode.swift; path = AppDelegate.swift; sourceTree = "<group>"; };
		2D8AC7CE1D25D7D900367326 /* HomeViewController.swift */ = {isa = PBXFileReference; lastKnownFileType = sourcecode.swift; path = HomeViewController.swift; sourceTree = "<group>"; };
		2D8AC7D11D25D7D900367326 /* Base */ = {isa = PBXFileReference; lastKnownFileType = file.storyboard; name = Base; path = Base.lproj/Main.storyboard; sourceTree = "<group>"; };
		2D8AC7D31D25D7D900367326 /* Assets.xcassets */ = {isa = PBXFileReference; lastKnownFileType = folder.assetcatalog; path = Assets.xcassets; sourceTree = "<group>"; };
		2D8AC7D81D25D7D900367326 /* Info.plist */ = {isa = PBXFileReference; lastKnownFileType = text.plist.xml; path = Info.plist; sourceTree = "<group>"; };
		2D8AC7DE1D25D8D700367326 /* ListViewController.swift */ = {isa = PBXFileReference; fileEncoding = 4; lastKnownFileType = sourcecode.swift; path = ListViewController.swift; sourceTree = "<group>"; };
		2D8AC7E01D25D96800367326 /* CalendarViewController.swift */ = {isa = PBXFileReference; fileEncoding = 4; lastKnownFileType = sourcecode.swift; path = CalendarViewController.swift; sourceTree = "<group>"; };
		2D8AC8211D25E22F00367326 /* LyonsDen-Bridging-Header.h */ = {isa = PBXFileReference; lastKnownFileType = sourcecode.c.h; path = "LyonsDen-Bridging-Header.h"; sourceTree = "<group>"; };
		2D8AC8221D25E23000367326 /* SWRevealViewController.h */ = {isa = PBXFileReference; fileEncoding = 4; lastKnownFileType = sourcecode.c.h; path = SWRevealViewController.h; sourceTree = "<group>"; };
		2D8AC8231D25E23000367326 /* SWRevealViewController.m */ = {isa = PBXFileReference; fileEncoding = 4; lastKnownFileType = sourcecode.c.objc; path = SWRevealViewController.m; sourceTree = "<group>"; };
		2D8AC82A1D25E86900367326 /* ContactViewController.swift */ = {isa = PBXFileReference; fileEncoding = 4; lastKnownFileType = sourcecode.swift; path = ContactViewController.swift; sourceTree = "<group>"; };
		2D8AC82C1D25EEEB00367326 /* InfoViewController.swift */ = {isa = PBXFileReference; fileEncoding = 4; lastKnownFileType = sourcecode.swift; path = InfoViewController.swift; sourceTree = "<group>"; };
		2DC27BBF1D386A1D002A5ADF /* CalendarDayCell.swift */ = {isa = PBXFileReference; fileEncoding = 4; lastKnownFileType = sourcecode.swift; path = CalendarDayCell.swift; sourceTree = "<group>"; };
		2DC27BC01D386A1D002A5ADF /* CalendarFlowLayout.swift */ = {isa = PBXFileReference; fileEncoding = 4; lastKnownFileType = sourcecode.swift; path = CalendarFlowLayout.swift; sourceTree = "<group>"; };
		2DC27BC11D386A1D002A5ADF /* CalendarHeaderView.swift */ = {isa = PBXFileReference; fileEncoding = 4; lastKnownFileType = sourcecode.swift; path = CalendarHeaderView.swift; sourceTree = "<group>"; };
		2DC27BC21D386A1D002A5ADF /* CalendarView.swift */ = {isa = PBXFileReference; fileEncoding = 4; lastKnownFileType = sourcecode.swift; path = CalendarView.swift; sourceTree = "<group>"; };
		2DC27BC31D386A1D002A5ADF /* Event.swift */ = {isa = PBXFileReference; fileEncoding = 4; lastKnownFileType = sourcecode.swift; path = Event.swift; sourceTree = "<group>"; };
		2DC48CE81D3C321C00B73361 /* EventVisual.xib */ = {isa = PBXFileReference; fileEncoding = 4; lastKnownFileType = file.xib; path = EventVisual.xib; sourceTree = "<group>"; };
		2DEF28201D39A84000DA921E /* EventView.swift */ = {isa = PBXFileReference; fileEncoding = 4; lastKnownFileType = sourcecode.swift; path = EventView.swift; sourceTree = "<group>"; };
		5F1B779B2B3C769B56DC9BC2 /* Pods-LyonsDen.debug.xcconfig */ = {isa = PBXFileReference; includeInIndex = 1; lastKnownFileType = text.xcconfig; name = "Pods-LyonsDen.debug.xcconfig"; path = "Pods/Target Support Files/Pods-LyonsDen/Pods-LyonsDen.debug.xcconfig"; sourceTree = "<group>"; };
		8F7324B41D2F25A10097036D /* SplashScreen.swift */ = {isa = PBXFileReference; fileEncoding = 4; lastKnownFileType = sourcecode.swift; path = SplashScreen.swift; sourceTree = "<group>"; };
		8F7324B71D2F25BB0097036D /* HapnaMono-Light.otf */ = {isa = PBXFileReference; lastKnownFileType = file; path = "HapnaMono-Light.otf"; sourceTree = "<group>"; };
		8F7324B81D2F25BB0097036D /* Reckoner_Bold.ttf */ = {isa = PBXFileReference; lastKnownFileType = file; path = Reckoner_Bold.ttf; sourceTree = "<group>"; };
		8F7324B91D2F25BB0097036D /* Reckoner.ttf */ = {isa = PBXFileReference; lastKnownFileType = file; path = Reckoner.ttf; sourceTree = "<group>"; };
		8F7324C11D2F37020097036D /* Launch Screen.storyboard */ = {isa = PBXFileReference; fileEncoding = 4; lastKnownFileType = file.storyboard; path = "Launch Screen.storyboard"; sourceTree = "<group>"; };
		8F7324C31D31C1CE0097036D /* LogInViewController.swift */ = {isa = PBXFileReference; fileEncoding = 4; lastKnownFileType = sourcecode.swift; path = LogInViewController.swift; sourceTree = "<group>"; };
		DF74D495A453CDFA2735E79F /* Pods-LyonsDen.release.xcconfig */ = {isa = PBXFileReference; includeInIndex = 1; lastKnownFileType = text.xcconfig; name = "Pods-LyonsDen.release.xcconfig"; path = "Pods/Target Support Files/Pods-LyonsDen/Pods-LyonsDen.release.xcconfig"; sourceTree = "<group>"; };
/* End PBXFileReference section */

/* Begin PBXFrameworksBuildPhase section */
		2D8AC7C61D25D7D900367326 /* Frameworks */ = {
			isa = PBXFrameworksBuildPhase;
			buildActionMask = 2147483647;
			files = (
				A1FD9A06A9A5FCD92B1339F2 /* Pods_LyonsDen.framework in Frameworks */,
			);
			runOnlyForDeploymentPostprocessing = 0;
		};
/* End PBXFrameworksBuildPhase section */

/* Begin PBXGroup section */
		2D22EA031D2D7438001B3A11 /* ContactViews */ = {
			isa = PBXGroup;
			children = (
				2D22EA011D2D7427001B3A11 /* TeacherTable.swift */,
				2D22EA041D2D787D001B3A11 /* AnnouncementViewController.swift */,
				2D22EA061D2D8390001B3A11 /* MusicViewController.swift */,
			);
			name = ContactViews;
			sourceTree = "<group>";
		};
		2D7224571D441C0700C327D3 /* SegueAnimators */ = {
			isa = PBXGroup;
			children = (
				2D72245A1D441D2A00C327D3 /* LoginScreenSegue.swift */,
			);
			name = SegueAnimators;
			sourceTree = "<group>";
		};
		2D8AC7C01D25D7D900367326 = {
			isa = PBXGroup;
			children = (
				2D8AC7CB1D25D7D900367326 /* LyonsDen */,
				2D8AC7CA1D25D7D900367326 /* Products */,
				BEB5F00862890AD2C8CAFA55 /* Pods */,
				D9BA4A33BDB73C527749FEB8 /* Frameworks */,
			);
			sourceTree = "<group>";
		};
		2D8AC7CA1D25D7D900367326 /* Products */ = {
			isa = PBXGroup;
			children = (
				2D8AC7C91D25D7D900367326 /* LyonsDen.app */,
			);
			name = Products;
			sourceTree = "<group>";
		};
		2D8AC7CB1D25D7D900367326 /* LyonsDen */ = {
			isa = PBXGroup;
			children = (
				8F7324C11D2F37020097036D /* Launch Screen.storyboard */,
				2D8AC8201D25E20B00367326 /* SWRevealViewController */,
				2D8AC7CC1D25D7D900367326 /* AppDelegate.swift */,
				2D8AC7CE1D25D7D900367326 /* HomeViewController.swift */,
				2D8AC7DE1D25D8D700367326 /* ListViewController.swift */,
				2D8AC7E01D25D96800367326 /* CalendarViewController.swift */,
				2D8AC82A1D25E86900367326 /* ContactViewController.swift */,
				2D8AC82C1D25EEEB00367326 /* InfoViewController.swift */,
				2D22EA081D2ED29C001B3A11 /* MenuTable.swift */,
				8F7324C31D31C1CE0097036D /* LogInViewController.swift */,
				8F7324B41D2F25A10097036D /* SplashScreen.swift */,
				2D7224571D441C0700C327D3 /* SegueAnimators */,
				2DC27BBE1D3869FC002A5ADF /* Calendar */,
				2D22EA031D2D7438001B3A11 /* ContactViews */,
				8F7324BD1D2F25E70097036D /* Resources */,
				2D8AC7D01D25D7D900367326 /* Main.storyboard */,
				2D8AC7D31D25D7D900367326 /* Assets.xcassets */,
				2D8AC7D81D25D7D900367326 /* Info.plist */,
				2D7224521D43124000C327D3 /* GoogleService-Info.plist */,
				2D8AC8211D25E22F00367326 /* LyonsDen-Bridging-Header.h */,
			);
			path = LyonsDen;
			sourceTree = "<group>";
		};
		2D8AC8201D25E20B00367326 /* SWRevealViewController */ = {
			isa = PBXGroup;
			children = (
				2D8AC8221D25E23000367326 /* SWRevealViewController.h */,
				2D8AC8231D25E23000367326 /* SWRevealViewController.m */,
			);
			name = SWRevealViewController;
			sourceTree = "<group>";
		};
		2DC27BBE1D3869FC002A5ADF /* Calendar */ = {
			isa = PBXGroup;
			children = (
				2DC27BBF1D386A1D002A5ADF /* CalendarDayCell.swift */,
				2DC27BC01D386A1D002A5ADF /* CalendarFlowLayout.swift */,
				2DC27BC11D386A1D002A5ADF /* CalendarHeaderView.swift */,
				2DC27BC21D386A1D002A5ADF /* CalendarView.swift */,
				2DC27BC31D386A1D002A5ADF /* Event.swift */,
				2DC48CE81D3C321C00B73361 /* EventVisual.xib */,
				2DEF28201D39A84000DA921E /* EventView.swift */,
			);
			name = Calendar;
			sourceTree = "<group>";
		};
		8F7324BD1D2F25E70097036D /* Resources */ = {
			isa = PBXGroup;
			children = (
				8F7324B71D2F25BB0097036D /* HapnaMono-Light.otf */,
				8F7324B81D2F25BB0097036D /* Reckoner_Bold.ttf */,
				8F7324B91D2F25BB0097036D /* Reckoner.ttf */,
			);
			name = Resources;
			sourceTree = "<group>";
		};
		BEB5F00862890AD2C8CAFA55 /* Pods */ = {
			isa = PBXGroup;
			children = (
				5F1B779B2B3C769B56DC9BC2 /* Pods-LyonsDen.debug.xcconfig */,
				DF74D495A453CDFA2735E79F /* Pods-LyonsDen.release.xcconfig */,
			);
			name = Pods;
			sourceTree = "<group>";
		};
		D9BA4A33BDB73C527749FEB8 /* Frameworks */ = {
			isa = PBXGroup;
			children = (
				276479845EC2B5B3C8017578 /* Pods_LyonsDen.framework */,
			);
			name = Frameworks;
			sourceTree = "<group>";
		};
/* End PBXGroup section */

/* Begin PBXNativeTarget section */
		2D8AC7C81D25D7D900367326 /* LyonsDen */ = {
			isa = PBXNativeTarget;
			buildConfigurationList = 2D8AC7DB1D25D7D900367326 /* Build configuration list for PBXNativeTarget "LyonsDen" */;
			buildPhases = (
				D3AE6FF09E12375DF14CB89A /* [CP] Check Pods Manifest.lock */,
				2D8AC7C51D25D7D900367326 /* Sources */,
				2D8AC7C61D25D7D900367326 /* Frameworks */,
				2D8AC7C71D25D7D900367326 /* Resources */,
				81774777928FB127265C85B5 /* [CP] Embed Pods Frameworks */,
				793805D8D51A165733B75C88 /* [CP] Copy Pods Resources */,
			);
			buildRules = (
			);
			dependencies = (
			);
			name = LyonsDen;
			productName = LyonsDen;
			productReference = 2D8AC7C91D25D7D900367326 /* LyonsDen.app */;
			productType = "com.apple.product-type.application";
		};
/* End PBXNativeTarget section */

/* Begin PBXProject section */
		2D8AC7C11D25D7D900367326 /* Project object */ = {
			isa = PBXProject;
			attributes = {
				LastSwiftUpdateCheck = 0730;
				LastUpgradeCheck = 0730;
				ORGANIZATIONNAME = "William Lyon Mackenize CI";
				TargetAttributes = {
					2D8AC7C81D25D7D900367326 = {
						CreatedOnToolsVersion = 7.3.1;
						DevelopmentTeam = V32DETHULC;
					};
				};
			};
			buildConfigurationList = 2D8AC7C41D25D7D900367326 /* Build configuration list for PBXProject "LyonsDen" */;
			compatibilityVersion = "Xcode 3.2";
			developmentRegion = English;
			hasScannedForEncodings = 0;
			knownRegions = (
				en,
				Base,
			);
			mainGroup = 2D8AC7C01D25D7D900367326;
			productRefGroup = 2D8AC7CA1D25D7D900367326 /* Products */;
			projectDirPath = "";
			projectRoot = "";
			targets = (
				2D8AC7C81D25D7D900367326 /* LyonsDen */,
			);
		};
/* End PBXProject section */

/* Begin PBXResourcesBuildPhase section */
		2D8AC7C71D25D7D900367326 /* Resources */ = {
			isa = PBXResourcesBuildPhase;
			buildActionMask = 2147483647;
			files = (
				2DC48CE91D3C321C00B73361 /* EventVisual.xib in Resources */,
				2D7224531D43124000C327D3 /* GoogleService-Info.plist in Resources */,
				8F7324BA1D2F25BB0097036D /* HapnaMono-Light.otf in Resources */,
				2D8AC7D41D25D7D900367326 /* Assets.xcassets in Resources */,
				8F7324BB1D2F25BB0097036D /* Reckoner_Bold.ttf in Resources */,
				2D8AC7D21D25D7D900367326 /* Main.storyboard in Resources */,
				8F7324BC1D2F25BB0097036D /* Reckoner.ttf in Resources */,
				8F7324C21D2F37020097036D /* Launch Screen.storyboard in Resources */,
			);
			runOnlyForDeploymentPostprocessing = 0;
		};
/* End PBXResourcesBuildPhase section */

/* Begin PBXShellScriptBuildPhase section */
		793805D8D51A165733B75C88 /* [CP] Copy Pods Resources */ = {
			isa = PBXShellScriptBuildPhase;
			buildActionMask = 2147483647;
			files = (
			);
			inputPaths = (
			);
			name = "[CP] Copy Pods Resources";
			outputPaths = (
			);
			runOnlyForDeploymentPostprocessing = 0;
			shellPath = /bin/sh;
			shellScript = "\"${SRCROOT}/Pods/Target Support Files/Pods-LyonsDen/Pods-LyonsDen-resources.sh\"\n";
			showEnvVarsInLog = 0;
		};
		81774777928FB127265C85B5 /* [CP] Embed Pods Frameworks */ = {
			isa = PBXShellScriptBuildPhase;
			buildActionMask = 2147483647;
			files = (
			);
			inputPaths = (
			);
			name = "[CP] Embed Pods Frameworks";
			outputPaths = (
			);
			runOnlyForDeploymentPostprocessing = 0;
			shellPath = /bin/sh;
			shellScript = "\"${SRCROOT}/Pods/Target Support Files/Pods-LyonsDen/Pods-LyonsDen-frameworks.sh\"\n";
			showEnvVarsInLog = 0;
		};
		D3AE6FF09E12375DF14CB89A /* [CP] Check Pods Manifest.lock */ = {
			isa = PBXShellScriptBuildPhase;
			buildActionMask = 2147483647;
			files = (
			);
			inputPaths = (
			);
			name = "[CP] Check Pods Manifest.lock";
			outputPaths = (
			);
			runOnlyForDeploymentPostprocessing = 0;
			shellPath = /bin/sh;
			shellScript = "diff \"${PODS_ROOT}/../Podfile.lock\" \"${PODS_ROOT}/Manifest.lock\" > /dev/null\nif [[ $? != 0 ]] ; then\n    cat << EOM\nerror: The sandbox is not in sync with the Podfile.lock. Run 'pod install' or update your CocoaPods installation.\nEOM\n    exit 1\nfi\n";
			showEnvVarsInLog = 0;
		};
/* End PBXShellScriptBuildPhase section */

/* Begin PBXSourcesBuildPhase section */
		2D8AC7C51D25D7D900367326 /* Sources */ = {
			isa = PBXSourcesBuildPhase;
			buildActionMask = 2147483647;
			files = (
				2DC27BC41D386A1D002A5ADF /* CalendarDayCell.swift in Sources */,
				2DC27BC61D386A1D002A5ADF /* CalendarHeaderView.swift in Sources */,
				2D22EA091D2ED29C001B3A11 /* MenuTable.swift in Sources */,
				2DC27BC71D386A1D002A5ADF /* CalendarView.swift in Sources */,
				2DEF28211D39A84000DA921E /* EventView.swift in Sources */,
				2D22EA071D2D8390001B3A11 /* MusicViewController.swift in Sources */,
				2DC27BC51D386A1D002A5ADF /* CalendarFlowLayout.swift in Sources */,
				2D8AC7E11D25D96800367326 /* CalendarViewController.swift in Sources */,
				2D8AC7CF1D25D7D900367326 /* HomeViewController.swift in Sources */,
				2D8AC8241D25E23000367326 /* SWRevealViewController.m in Sources */,
				2D72245B1D441D2A00C327D3 /* LoginScreenSegue.swift in Sources */,
				2D8AC82D1D25EEEB00367326 /* InfoViewController.swift in Sources */,
				2DC27BC81D386A1D002A5ADF /* Event.swift in Sources */,
				2D22EA051D2D787D001B3A11 /* AnnouncementViewController.swift in Sources */,
				8F7324B61D2F25A10097036D /* SplashScreen.swift in Sources */,
				2D8AC7DF1D25D8D700367326 /* ListViewController.swift in Sources */,
				8F7324C41D31C1CE0097036D /* LogInViewController.swift in Sources */,
				2D22EA021D2D7427001B3A11 /* TeacherTable.swift in Sources */,
				2D8AC7CD1D25D7D900367326 /* AppDelegate.swift in Sources */,
				2D8AC82B1D25E86900367326 /* ContactViewController.swift in Sources */,
			);
			runOnlyForDeploymentPostprocessing = 0;
		};
/* End PBXSourcesBuildPhase section */

/* Begin PBXVariantGroup section */
		2D8AC7D01D25D7D900367326 /* Main.storyboard */ = {
			isa = PBXVariantGroup;
			children = (
				2D8AC7D11D25D7D900367326 /* Base */,
			);
			name = Main.storyboard;
			sourceTree = "<group>";
		};
/* End PBXVariantGroup section */

/* Begin XCBuildConfiguration section */
		2D8AC7D91D25D7D900367326 /* Debug */ = {
			isa = XCBuildConfiguration;
			buildSettings = {
				ALWAYS_SEARCH_USER_PATHS = NO;
				CLANG_ANALYZER_NONNULL = YES;
				CLANG_CXX_LANGUAGE_STANDARD = "gnu++0x";
				CLANG_CXX_LIBRARY = "libc++";
				CLANG_ENABLE_MODULES = YES;
				CLANG_ENABLE_OBJC_ARC = YES;
				CLANG_WARN_BOOL_CONVERSION = YES;
				CLANG_WARN_CONSTANT_CONVERSION = YES;
				CLANG_WARN_DIRECT_OBJC_ISA_USAGE = YES_ERROR;
				CLANG_WARN_EMPTY_BODY = YES;
				CLANG_WARN_ENUM_CONVERSION = YES;
				CLANG_WARN_INT_CONVERSION = YES;
				CLANG_WARN_OBJC_ROOT_CLASS = YES_ERROR;
				CLANG_WARN_UNREACHABLE_CODE = YES;
				CLANG_WARN__DUPLICATE_METHOD_MATCH = YES;
				"CODE_SIGN_IDENTITY[sdk=iphoneos*]" = "iPhone Developer";
				COPY_PHASE_STRIP = NO;
				DEBUG_INFORMATION_FORMAT = dwarf;
				ENABLE_STRICT_OBJC_MSGSEND = YES;
				ENABLE_TESTABILITY = YES;
				GCC_C_LANGUAGE_STANDARD = gnu99;
				GCC_DYNAMIC_NO_PIC = NO;
				GCC_NO_COMMON_BLOCKS = YES;
				GCC_OPTIMIZATION_LEVEL = 0;
				GCC_PREPROCESSOR_DEFINITIONS = (
					"DEBUG=1",
					"$(inherited)",
				);
				GCC_WARN_64_TO_32_BIT_CONVERSION = YES;
				GCC_WARN_ABOUT_RETURN_TYPE = YES_ERROR;
				GCC_WARN_UNDECLARED_SELECTOR = YES;
				GCC_WARN_UNINITIALIZED_AUTOS = YES_AGGRESSIVE;
				GCC_WARN_UNUSED_FUNCTION = YES;
				GCC_WARN_UNUSED_VARIABLE = YES;
				IPHONEOS_DEPLOYMENT_TARGET = 9.3;
				MTL_ENABLE_DEBUG_INFO = YES;
				ONLY_ACTIVE_ARCH = YES;
				SDKROOT = iphoneos;
				SWIFT_OPTIMIZATION_LEVEL = "-Onone";
			};
			name = Debug;
		};
		2D8AC7DA1D25D7D900367326 /* Release */ = {
			isa = XCBuildConfiguration;
			buildSettings = {
				ALWAYS_SEARCH_USER_PATHS = NO;
				CLANG_ANALYZER_NONNULL = YES;
				CLANG_CXX_LANGUAGE_STANDARD = "gnu++0x";
				CLANG_CXX_LIBRARY = "libc++";
				CLANG_ENABLE_MODULES = YES;
				CLANG_ENABLE_OBJC_ARC = YES;
				CLANG_WARN_BOOL_CONVERSION = YES;
				CLANG_WARN_CONSTANT_CONVERSION = YES;
				CLANG_WARN_DIRECT_OBJC_ISA_USAGE = YES_ERROR;
				CLANG_WARN_EMPTY_BODY = YES;
				CLANG_WARN_ENUM_CONVERSION = YES;
				CLANG_WARN_INT_CONVERSION = YES;
				CLANG_WARN_OBJC_ROOT_CLASS = YES_ERROR;
				CLANG_WARN_UNREACHABLE_CODE = YES;
				CLANG_WARN__DUPLICATE_METHOD_MATCH = YES;
				"CODE_SIGN_IDENTITY[sdk=iphoneos*]" = "iPhone Developer";
				COPY_PHASE_STRIP = NO;
				DEBUG_INFORMATION_FORMAT = "dwarf-with-dsym";
				ENABLE_NS_ASSERTIONS = NO;
				ENABLE_STRICT_OBJC_MSGSEND = YES;
				GCC_C_LANGUAGE_STANDARD = gnu99;
				GCC_NO_COMMON_BLOCKS = YES;
				GCC_WARN_64_TO_32_BIT_CONVERSION = YES;
				GCC_WARN_ABOUT_RETURN_TYPE = YES_ERROR;
				GCC_WARN_UNDECLARED_SELECTOR = YES;
				GCC_WARN_UNINITIALIZED_AUTOS = YES_AGGRESSIVE;
				GCC_WARN_UNUSED_FUNCTION = YES;
				GCC_WARN_UNUSED_VARIABLE = YES;
				IPHONEOS_DEPLOYMENT_TARGET = 9.3;
				MTL_ENABLE_DEBUG_INFO = NO;
				SDKROOT = iphoneos;
				VALIDATE_PRODUCT = YES;
			};
			name = Release;
		};
		2D8AC7DC1D25D7D900367326 /* Debug */ = {
			isa = XCBuildConfiguration;
			baseConfigurationReference = 5F1B779B2B3C769B56DC9BC2 /* Pods-LyonsDen.debug.xcconfig */;
			buildSettings = {
				ASSETCATALOG_COMPILER_APPICON_NAME = AppIcon;
				CLANG_ENABLE_MODULES = YES;
				CODE_SIGN_IDENTITY = "iPhone Developer";
				"CODE_SIGN_IDENTITY[sdk=iphoneos*]" = "iPhone Developer";
				INFOPLIST_FILE = LyonsDen/Info.plist;
				LD_RUNPATH_SEARCH_PATHS = "$(inherited) @executable_path/Frameworks";
				PRODUCT_BUNDLE_IDENTIFIER = "Lyons-Den";
				PRODUCT_NAME = "$(TARGET_NAME)";
				PROVISIONING_PROFILE = "";
				SWIFT_OBJC_BRIDGING_HEADER = "LyonsDen/LyonsDen-Bridging-Header.h";
				SWIFT_OPTIMIZATION_LEVEL = "-Onone";
				TARGETED_DEVICE_FAMILY = 1;
			};
			name = Debug;
		};
		2D8AC7DD1D25D7D900367326 /* Release */ = {
			isa = XCBuildConfiguration;
			baseConfigurationReference = DF74D495A453CDFA2735E79F /* Pods-LyonsDen.release.xcconfig */;
			buildSettings = {
				ASSETCATALOG_COMPILER_APPICON_NAME = AppIcon;
				CLANG_ENABLE_MODULES = YES;
				CODE_SIGN_IDENTITY = "iPhone Developer";
				"CODE_SIGN_IDENTITY[sdk=iphoneos*]" = "iPhone Developer";
				INFOPLIST_FILE = LyonsDen/Info.plist;
				LD_RUNPATH_SEARCH_PATHS = "$(inherited) @executable_path/Frameworks";
				PRODUCT_BUNDLE_IDENTIFIER = "Lyons-Den";
				PRODUCT_NAME = "$(TARGET_NAME)";
				PROVISIONING_PROFILE = "";
				SWIFT_OBJC_BRIDGING_HEADER = "LyonsDen/LyonsDen-Bridging-Header.h";
				TARGETED_DEVICE_FAMILY = 1;
			};
			name = Release;
		};
/* End XCBuildConfiguration section */

/* Begin XCConfigurationList section */
		2D8AC7C41D25D7D900367326 /* Build configuration list for PBXProject "LyonsDen" */ = {
			isa = XCConfigurationList;
			buildConfigurations = (
				2D8AC7D91D25D7D900367326 /* Debug */,
				2D8AC7DA1D25D7D900367326 /* Release */,
			);
			defaultConfigurationIsVisible = 0;
			defaultConfigurationName = Release;
		};
		2D8AC7DB1D25D7D900367326 /* Build configuration list for PBXNativeTarget "LyonsDen" */ = {
			isa = XCConfigurationList;
			buildConfigurations = (
				2D8AC7DC1D25D7D900367326 /* Debug */,
				2D8AC7DD1D25D7D900367326 /* Release */,
			);
			defaultConfigurationIsVisible = 0;
			defaultConfigurationName = Release;
		};
/* End XCConfigurationList section */
	};
	rootObject = 2D8AC7C11D25D7D900367326 /* Project object */;
}
